
Microsoft Visual Studio Solution File, Format Version 12.00
# Visual Studio Version 17
VisualStudioVersion = 17.0.31903.59
MinimumVisualStudioVersion = 10.0.40219.1
Project("{2150E333-8FDC-42A3-9474-1A3956D46DE8}") = "src", "src", "{44269E91-4370-4074-B966-A6BBCDC30B26}"
EndProject
Project("{FAE04EC0-301F-11D3-BF4B-00C04F79EFBC}") = "CartonCaps.Referrals.Api", "src\CartonCaps.Referrals.Api\CartonCaps.Referrals.Api.csproj", "{10AD58DD-4CF9-486D-A698-D5570EB898E0}"
EndProject
Project("{FAE04EC0-301F-11D3-BF4B-00C04F79EFBC}") = "CartonCaps.Referrals.IntegrationTests", "src\CartonCaps.Referrals.IntegrationTests\CartonCaps.Referrals.IntegrationTests.csproj", "{3535A014-20F9-4039-85C0-B3B87085FAC2}"
EndProject
Global
	GlobalSection(SolutionConfigurationPlatforms) = preSolution
		Debug|Any CPU = Debug|Any CPU
		Release|Any CPU = Release|Any CPU
	EndGlobalSection
	GlobalSection(SolutionProperties) = preSolution
		HideSolutionNode = FALSE
	EndGlobalSection
	GlobalSection(ProjectConfigurationPlatforms) = postSolution
		{10AD58DD-4CF9-486D-A698-D5570EB898E0}.Debug|Any CPU.ActiveCfg = Debug|Any CPU
		{10AD58DD-4CF9-486D-A698-D5570EB898E0}.Debug|Any CPU.Build.0 = Debug|Any CPU
		{10AD58DD-4CF9-486D-A698-D5570EB898E0}.Release|Any CPU.ActiveCfg = Release|Any CPU
		{10AD58DD-4CF9-486D-A698-D5570EB898E0}.Release|Any CPU.Build.0 = Release|Any CPU
		{3535A014-20F9-4039-85C0-B3B87085FAC2}.Debug|Any CPU.ActiveCfg = Debug|Any CPU
		{3535A014-20F9-4039-85C0-B3B87085FAC2}.Debug|Any CPU.Build.0 = Debug|Any CPU
		{3535A014-20F9-4039-85C0-B3B87085FAC2}.Release|Any CPU.ActiveCfg = Release|Any CPU
		{3535A014-20F9-4039-85C0-B3B87085FAC2}.Release|Any CPU.Build.0 = Release|Any CPU
	EndGlobalSection
	GlobalSection(NestedProjects) = preSolution
		{10AD58DD-4CF9-486D-A698-D5570EB898E0} = {44269E91-4370-4074-B966-A6BBCDC30B26}
		{3535A014-20F9-4039-85C0-B3B87085FAC2} = {44269E91-4370-4074-B966-A6BBCDC30B26}
	EndGlobalSection
EndGlobal
